
Microsoft Visual Studio Solution File, Format Version 12.00
# Visual Studio Version 16
VisualStudioVersion = 16.0.30523.141
MinimumVisualStudioVersion = 10.0.40219.1
Project("{FAE04EC0-301F-11D3-BF4B-00C04F79EFBC}") = "stuffs", "stuffs.csproj", "{09AC45D1-585B-465C-A5F9-FC24C0D6AE71}"
EndProject
Global
	GlobalSection(SolutionConfigurationPlatforms) = preSolution
		Debug|Any CPU = Debug|Any CPU
		Release|Any CPU = Release|Any CPU
	EndGlobalSection
	GlobalSection(ProjectConfigurationPlatforms) = postSolution
		{09AC45D1-585B-465C-A5F9-FC24C0D6AE71}.Debug|Any CPU.ActiveCfg = Debug|Any CPU
		{09AC45D1-585B-465C-A5F9-FC24C0D6AE71}.Debug|Any CPU.Build.0 = Debug|Any CPU
		{09AC45D1-585B-465C-A5F9-FC24C0D6AE71}.Release|Any CPU.ActiveCfg = Release|Any CPU
		{09AC45D1-585B-465C-A5F9-FC24C0D6AE71}.Release|Any CPU.Build.0 = Release|Any CPU
	EndGlobalSection
	GlobalSection(SolutionProperties) = preSolution
		HideSolutionNode = FALSE
	EndGlobalSection
	GlobalSection(ExtensibilityGlobals) = postSolution
		SolutionGuid = {F242F21E-1716-4D36-A7DC-2EF80CC2495C}
	EndGlobalSection
EndGlobal
